<?xml version="1.0" encoding="utf-8"?>
<Project ToolsVersion="4.0" xmlns="http://schemas.microsoft.com/developer/msbuild/2003">
  <ItemGroup>
    <Filter Include="Source Files">
      <UniqueIdentifier>{4FC737F1-C7A5-4376-A066-2A32D752A2FF}</UniqueIdentifier>
      <Extensions>cpp;c;cc;cxx;c++;cppm;ixx;def;odl;idl;hpj;bat;asm;asmx</Extensions>
    </Filter>
    <Filter Include="Header Files">
      <UniqueIdentifier>{93995380-89BD-4b04-88EB-625FBE52EBFB}</UniqueIdentifier>
      <Extensions>h;hh;hpp;hxx;h++;hm;inl;inc;ipp;xsd</Extensions>
    </Filter>
    <Filter Include="Resource Files">
      <UniqueIdentifier>{67DA6AB6-F800-4c08-8B7A-83BB121AAD01}</UniqueIdentifier>
      <Extensions>rc;ico;cur;bmp;dlg;rc2;rct;bin;rgs;gif;jpg;jpeg;jpe;resx;tiff;tif;png;wav;mfcribbon-ms</Extensions>
    </Filter>
    <Filter Include="shaders">
      <UniqueIdentifier>{e45e6dc0-5799-436e-904f-5fd5ee045b0e}</UniqueIdentifier>
    </Filter>
  </ItemGroup>
  <ItemGroup>
    <ClCompile Include="src\main.cpp">
      <Filter>Source Files</Filter>
    </ClCompile>
    <ClCompile Include="src\glad.c">
      <Filter>Source Files</Filter>
    </ClCompile>
    <ClCompile Include="src\marchgl.cpp">
      <Filter>Source Files</Filter>
    </ClCompile>
    <ClCompile Include="src\squareMarch.cpp">
      <Filter>Source Files</Filter>
    </ClCompile>
    <ClCompile Include="src\cubeMarch.cpp">
      <Filter>Source Files</Filter>
    </ClCompile>
    <ClCompile Include="include\ImGUI\imgui.cpp">
      <Filter>Source Files</Filter>
    </ClCompile>
    <ClCompile Include="include\ImGUI\imgui_demo.cpp">
      <Filter>Source Files</Filter>
    </ClCompile>
    <ClCompile Include="include\ImGUI\imgui_draw.cpp">
      <Filter>Source Files</Filter>
    </ClCompile>
    <ClCompile Include="include\ImGUI\imgui_impl_glfw.cpp">
      <Filter>Source Files</Filter>
    </ClCompile>
    <ClCompile Include="include\ImGUI\imgui_impl_opengl3.cpp">
      <Filter>Source Files</Filter>
    </ClCompile>
    <ClCompile Include="include\ImGUI\imgui_stdlib.cpp">
      <Filter>Source Files</Filter>
    </ClCompile>
    <ClCompile Include="include\ImGUI\imgui_tables.cpp">
      <Filter>Source Files</Filter>
    </ClCompile>
    <ClCompile Include="include\ImGUI\imgui_widgets.cpp">
      <Filter>Source Files</Filter>
    </ClCompile>
    <ClCompile Include="include\cparse\shunting-yard.cpp">
      <Filter>Source Files</Filter>
    </ClCompile>
    <ClCompile Include="include\cparse\packToken.cpp">
      <Filter>Source Files</Filter>
    </ClCompile>
    <ClCompile Include="include\cparse\functions.cpp">
      <Filter>Source Files</Filter>
    </ClCompile>
    <ClCompile Include="include\cparse\containers.cpp">
      <Filter>Source Files</Filter>
    </ClCompile>
    <ClCompile Include="include\cparse\builtin-features.cpp">
      <Filter>Source Files</Filter>
    </ClCompile>
    <ClCompile Include="src\cubemap.cpp">
      <Filter>Source Files</Filter>
    </ClCompile>
  </ItemGroup>
  <ItemGroup>
    <None Include="res\shaders\shader_vs.glsl" />
    <None Include="res\shaders\shader_fs.glsl" />
    <None Include="res\shaders\basicShader_fs.glsl">
      <Filter>shaders</Filter>
    </None>
    <None Include="res\shaders\basicShader_vs.glsl">
      <Filter>shaders</Filter>
    </None>
    <None Include="res\shaders\basicColorShader_fs.glsl" />
    <None Include="res\shaders\basicColorShader_vs.glsl" />
    <None Include="res\shaders\marchingcubes_cs.glsl" />
    <None Include="res\shaders\computeShaderOriginal.cs">
      <Filter>shaders</Filter>
    </None>
    <None Include="res\shaders\computeShader.cs">
      <Filter>shaders</Filter>
    </None>
    <None Include="res\shaders\skybox_fs.glsl" />
    <None Include="res\shaders\skybox_vs.glsl" />
  </ItemGroup>
  <ItemGroup>
    <ClInclude Include="include\filesys.hpp">
      <Filter>Header Files</Filter>
    </ClInclude>
    <ClInclude Include="include\glm\glm.hpp">
      <Filter>Header Files</Filter>
    </ClInclude>
    <ClInclude Include="include\camera.h">
      <Filter>Header Files</Filter>
    </ClInclude>
    <ClInclude Include="include\glad\glad.h">
      <Filter>Header Files</Filter>
    </ClInclude>
    <ClInclude Include="include\marchgl.h">
      <Filter>Header Files</Filter>
    </ClInclude>
    <ClInclude Include="include\implicit.h">
      <Filter>Header Files</Filter>
    </ClInclude>
    <ClInclude Include="include\squareMarch.h">
      <Filter>Header Files</Filter>
    </ClInclude>
    <ClInclude Include="include\torusObj.h">
      <Filter>Header Files</Filter>
    </ClInclude>
    <ClInclude Include="include\cubeMarch.h">
      <Filter>Header Files</Filter>
    </ClInclude>
    <ClInclude Include="include\shader_m.h">
      <Filter>Header Files</Filter>
    </ClInclude>
    <ClInclude Include="include\stb_image.h">
      <Filter>Header Files</Filter>
    </ClInclude>
    <ClInclude Include="include\mutils.h">
      <Filter>Header Files</Filter>
    </ClInclude>
    <ClInclude Include="include\marchingUtils.h">
      <Filter>Header Files</Filter>
    </ClInclude>
    <ClInclude Include="include\main.h">
      <Filter>Header Files</Filter>
    </ClInclude>
    <ClInclude Include="include\ImGUI\imconfig.h">
      <Filter>Header Files</Filter>
    </ClInclude>
    <ClInclude Include="include\ImGUI\imgui.h">
      <Filter>Header Files</Filter>
    </ClInclude>
    <ClInclude Include="include\ImGUI\imgui_impl_glfw.h">
      <Filter>Header Files</Filter>
    </ClInclude>
    <ClInclude Include="include\ImGUI\imgui_impl_opengl3.h">
      <Filter>Header Files</Filter>
    </ClInclude>
    <ClInclude Include="include\ImGUI\imgui_impl_opengl3_loader.h">
      <Filter>Header Files</Filter>
    </ClInclude>
    <ClInclude Include="include\ImGUI\imgui_internal.h">
      <Filter>Header Files</Filter>
    </ClInclude>
    <ClInclude Include="include\ImGUI\imgui_stdlib.h">
      <Filter>Header Files</Filter>
    </ClInclude>
    <ClInclude Include="include\ImGUI\imstb_rectpack.h">
      <Filter>Header Files</Filter>
    </ClInclude>
    <ClInclude Include="include\ImGUI\imstb_textedit.h">
      <Filter>Header Files</Filter>
    </ClInclude>
    <ClInclude Include="include\ImGUI\imstb_truetype.h">
      <Filter>Header Files</Filter>
    </ClInclude>
    <ClInclude Include="include\cparse\shunting-yard-exceptions.h">
      <Filter>Header Files</Filter>
    </ClInclude>
    <ClInclude Include="include\cparse\shunting-yard.h">
      <Filter>Header Files</Filter>
    </ClInclude>
    <ClInclude Include="include\cparse\packToken.h">
      <Filter>Header Files</Filter>
    </ClInclude>
    <ClInclude Include="include\cparse\functions.h">
      <Filter>Header Files</Filter>
    </ClInclude>
    <ClInclude Include="include\cparse\containers.h">
      <Filter>Header Files</Filter>
    </ClInclude>
    <ClInclude Include="include\cparse\builtin-features.h">
      <Filter>Header Files</Filter>
    </ClInclude>
    <ClInclude Include="include\cparse\builtin-features\functions_inc.h">
      <Filter>Header Files</Filter>
    </ClInclude>
    <ClInclude Include="include\cparse\builtin-features\operations_inc.h">
      <Filter>Header Files</Filter>
    </ClInclude>
    <ClInclude Include="include\cparse\builtin-features\reservedWords_inc.h">
      <Filter>Header Files</Filter>
    </ClInclude>
    <ClInclude Include="include\cparse\builtin-features\typeSpecificFunctions_inc.h">
      <Filter>Header Files</Filter>
    </ClInclude>
    <ClInclude Include="include\computeshader.h">
      <Filter>Header Files</Filter>
    </ClInclude>
    <ClInclude Include="include\shader_c.h">
      <Filter>Header Files</Filter>
    </ClInclude>
    <ClInclude Include="include\cubemap.h">
      <Filter>Header Files</Filter>
    </ClInclude>
  </ItemGroup>
  <ItemGroup>
  </ItemGroup>
</Project>